
Microsoft Visual Studio Solution File, Format Version 12.00
Project("{FAE04EC0-301F-11D3-BF4B-00C04F79EFBC}") = "AccountService", "AccountService\AccountService.csproj", "{FCDB223B-77C4-4879-88AE-717B5D9AB37E}"
EndProject
Global
	GlobalSection(SolutionConfigurationPlatforms) = preSolution
		Debug|Any CPU = Debug|Any CPU
		Release|Any CPU = Release|Any CPU
	EndGlobalSection
	GlobalSection(ProjectConfigurationPlatforms) = postSolution
		{FCDB223B-77C4-4879-88AE-717B5D9AB37E}.Debug|Any CPU.ActiveCfg = Debug|Any CPU
		{FCDB223B-77C4-4879-88AE-717B5D9AB37E}.Debug|Any CPU.Build.0 = Debug|Any CPU
		{FCDB223B-77C4-4879-88AE-717B5D9AB37E}.Release|Any CPU.ActiveCfg = Release|Any CPU
		{FCDB223B-77C4-4879-88AE-717B5D9AB37E}.Release|Any CPU.Build.0 = Release|Any CPU
	EndGlobalSection
EndGlobal
